// !$*UTF8*$!
{
	archiveVersion = 1;
	classes = {
	};
	objectVersion = 46;
	objects = {

/* Begin PBXBuildFile section */
		3E232B8E1578A32F00AE01D7 /* 73-radar.png in Resources */ = {isa = PBXBuildFile; fileRef = 3E232B8D1578A32F00AE01D7 /* 73-radar.png */; };
		3E232B901578A33E00AE01D7 /* 74-location.png in Resources */ = {isa = PBXBuildFile; fileRef = 3E232B8F1578A33E00AE01D7 /* 74-location.png */; };
		3E232B921578A35900AE01D7 /* 103-map.png in Resources */ = {isa = PBXBuildFile; fileRef = 3E232B911578A35900AE01D7 /* 103-map.png */; };
		3E232B941578A36600AE01D7 /* 106-sliders.png in Resources */ = {isa = PBXBuildFile; fileRef = 3E232B931578A36600AE01D7 /* 106-sliders.png */; };
		3E232B961578A3C100AE01D7 /* 196-radiation.png in Resources */ = {isa = PBXBuildFile; fileRef = 3E232B951578A3C100AE01D7 /* 196-radiation.png */; };
		3E232B981578A3C700AE01D7 /* 193-location-arrow.png in Resources */ = {isa = PBXBuildFile; fileRef = 3E232B971578A3C700AE01D7 /* 193-location-arrow.png */; };
		3E232B9A1578A40800AE01D7 /* 06-magnify.png in Resources */ = {isa = PBXBuildFile; fileRef = 3E232B991578A40800AE01D7 /* 06-magnify.png */; };
		3E232B9D1578A4C100AE01D7 /* 179-notepad.png in Resources */ = {isa = PBXBuildFile; fileRef = 3E232B9C1578A4C100AE01D7 /* 179-notepad.png */; };
		3E232BA01578A72300AE01D7 /* Console_MapVC.m in Sources */ = {isa = PBXBuildFile; fileRef = 3E232B9F1578A72300AE01D7 /* Console_MapVC.m */; };
		3E232BA71578A90E00AE01D7 /* CoreLocation.framework in Frameworks */ = {isa = PBXBuildFile; fileRef = 3E232BA61578A90E00AE01D7 /* CoreLocation.framework */; };
		3E232BB315795CCB00AE01D7 /* CygnusAnnotation.m in Sources */ = {isa = PBXBuildFile; fileRef = 3E232BB215795CCB00AE01D7 /* CygnusAnnotation.m */; };
		3E232BE4157961A200AE01D7 /* ClientSettings.m in Sources */ = {isa = PBXBuildFile; fileRef = 3E232BE3157961A200AE01D7 /* ClientSettings.m */; };
		3E232BE71579637600AE01D7 /* CygnusManager.m in Sources */ = {isa = PBXBuildFile; fileRef = 3E232BE61579637600AE01D7 /* CygnusManager.m */; };
		3E232BF915796E3000AE01D7 /* Simulation.plist in Resources */ = {isa = PBXBuildFile; fileRef = 3E232BF815796E3000AE01D7 /* Simulation.plist */; };
		3E232BFB157974A100AE01D7 /* Cygnus.xcdatamodel in Sources */ = {isa = PBXBuildFile; fileRef = 3E232BFA157974A100AE01D7 /* Cygnus.xcdatamodel */; };
		3E55A48C1579A8000001DED9 /* Person.m in Sources */ = {isa = PBXBuildFile; fileRef = 3E55A48B1579A8000001DED9 /* Person.m */; };
		3E55A4951579A8800001DED9 /* GroupMap.m in Sources */ = {isa = PBXBuildFile; fileRef = 3E55A4941579A8800001DED9 /* GroupMap.m */; };
		3E55A49E1579A91C0001DED9 /* PrivateMap+Cygnus.m in Sources */ = {isa = PBXBuildFile; fileRef = 3E55A49D1579A91C0001DED9 /* PrivateMap+Cygnus.m */; };
		3E55A4A11579A9460001DED9 /* PrivateMap.m in Sources */ = {isa = PBXBuildFile; fileRef = 3E55A4A01579A9460001DED9 /* PrivateMap.m */; };
		3E55A4B01579A9E50001DED9 /* SharedMap.m in Sources */ = {isa = PBXBuildFile; fileRef = 3E55A4AF1579A9E50001DED9 /* SharedMap.m */; };
		3E55A4B31579AA180001DED9 /* SharedMap+Cygnus.m in Sources */ = {isa = PBXBuildFile; fileRef = 3E55A4B21579AA180001DED9 /* SharedMap+Cygnus.m */; };
		3E55A4B61579B6C70001DED9 /* Group.m in Sources */ = {isa = PBXBuildFile; fileRef = 3E55A4B51579B6C60001DED9 /* Group.m */; };
		3E55A4BD1579CC680001DED9 /* Console_LoginVC.m in Sources */ = {isa = PBXBuildFile; fileRef = 3E55A4BC1579CC680001DED9 /* Console_LoginVC.m */; };
		3E55A4C31579D3280001DED9 /* cygnus_constellation.jpeg in Resources */ = {isa = PBXBuildFile; fileRef = 3E55A4C21579D3280001DED9 /* cygnus_constellation.jpeg */; };
		3E55A4CC1579E60A0001DED9 /* Event+Cygnus.m in Sources */ = {isa = PBXBuildFile; fileRef = 3E55A4CB1579E6090001DED9 /* Event+Cygnus.m */; };
		3E55A4CF1579E86E0001DED9 /* Event.m in Sources */ = {isa = PBXBuildFile; fileRef = 3E55A4CE1579E86E0001DED9 /* Event.m */; };
		3E55A4D21579E86F0001DED9 /* MapPin.m in Sources */ = {isa = PBXBuildFile; fileRef = 3E55A4D11579E86E0001DED9 /* MapPin.m */; };
		3E55A4D91579EE1C0001DED9 /* CygnusMapPinAnnotationView.m in Sources */ = {isa = PBXBuildFile; fileRef = 3E55A4D81579EE1B0001DED9 /* CygnusMapPinAnnotationView.m */; };
		3E75FB0F157A08850095B2B4 /* Map.m in Sources */ = {isa = PBXBuildFile; fileRef = 3E75FB0E157A08850095B2B4 /* Map.m */; };
		3EC8C4DC1579850E006BB8CF /* Map+Cygnus.m in Sources */ = {isa = PBXBuildFile; fileRef = 3EC8C4DB1579850E006BB8CF /* Map+Cygnus.m */; };
		3EC8C4DF15798526006BB8CF /* GroupMap+Cygnus.m in Sources */ = {isa = PBXBuildFile; fileRef = 3EC8C4DE15798526006BB8CF /* GroupMap+Cygnus.m */; };
		3EC8C4E515798543006BB8CF /* Person+Cygnus.m in Sources */ = {isa = PBXBuildFile; fileRef = 3EC8C4E415798543006BB8CF /* Person+Cygnus.m */; };
		3EC8C4E815798550006BB8CF /* MapPin+Cygnus.m in Sources */ = {isa = PBXBuildFile; fileRef = 3EC8C4E715798550006BB8CF /* MapPin+Cygnus.m */; };
		3EC8C4EB1579855B006BB8CF /* Group+Cygnus.m in Sources */ = {isa = PBXBuildFile; fileRef = 3EC8C4EA1579855B006BB8CF /* Group+Cygnus.m */; };
		3EDE375315734A1F006F83D2 /* UIKit.framework in Frameworks */ = {isa = PBXBuildFile; fileRef = 3EDE375215734A1F006F83D2 /* UIKit.framework */; };
		3EDE375515734A1F006F83D2 /* Foundation.framework in Frameworks */ = {isa = PBXBuildFile; fileRef = 3EDE375415734A1F006F83D2 /* Foundation.framework */; };
		3EDE375715734A1F006F83D2 /* CoreGraphics.framework in Frameworks */ = {isa = PBXBuildFile; fileRef = 3EDE375615734A1F006F83D2 /* CoreGraphics.framework */; };
		3EDE375D15734A1F006F83D2 /* InfoPlist.strings in Resources */ = {isa = PBXBuildFile; fileRef = 3EDE375B15734A1F006F83D2 /* InfoPlist.strings */; };
		3EDE375F15734A1F006F83D2 /* main.m in Sources */ = {isa = PBXBuildFile; fileRef = 3EDE375E15734A1F006F83D2 /* main.m */; };
		3EDE376315734A1F006F83D2 /* CygnusAppDelegate.m in Sources */ = {isa = PBXBuildFile; fileRef = 3EDE376215734A1F006F83D2 /* CygnusAppDelegate.m */; };
		3EDE376615734A1F006F83D2 /* MainStoryboard.storyboard in Resources */ = {isa = PBXBuildFile; fileRef = 3EDE376415734A1F006F83D2 /* MainStoryboard.storyboard */; };
		3EDE377015734B46006F83D2 /* MapKit.framework in Frameworks */ = {isa = PBXBuildFile; fileRef = 3EDE376F15734B46006F83D2 /* MapKit.framework */; };
		3EDE377215734B4E006F83D2 /* CoreData.framework in Frameworks */ = {isa = PBXBuildFile; fileRef = 3EDE377115734B4E006F83D2 /* CoreData.framework */; };
/* End PBXBuildFile section */

/* Begin PBXFileReference section */
		3E232B8D1578A32F00AE01D7 /* 73-radar.png */ = {isa = PBXFileReference; lastKnownFileType = image.png; path = "73-radar.png"; sourceTree = "<group>"; };
		3E232B8F1578A33E00AE01D7 /* 74-location.png */ = {isa = PBXFileReference; lastKnownFileType = image.png; path = "74-location.png"; sourceTree = "<group>"; };
		3E232B911578A35900AE01D7 /* 103-map.png */ = {isa = PBXFileReference; lastKnownFileType = image.png; path = "103-map.png"; sourceTree = "<group>"; };
		3E232B931578A36600AE01D7 /* 106-sliders.png */ = {isa = PBXFileReference; lastKnownFileType = image.png; path = "106-sliders.png"; sourceTree = "<group>"; };
		3E232B951578A3C100AE01D7 /* 196-radiation.png */ = {isa = PBXFileReference; lastKnownFileType = image.png; path = "196-radiation.png"; sourceTree = "<group>"; };
		3E232B971578A3C700AE01D7 /* 193-location-arrow.png */ = {isa = PBXFileReference; lastKnownFileType = image.png; path = "193-location-arrow.png"; sourceTree = "<group>"; };
		3E232B991578A40800AE01D7 /* 06-magnify.png */ = {isa = PBXFileReference; lastKnownFileType = image.png; path = "06-magnify.png"; sourceTree = "<group>"; };
		3E232B9C1578A4C100AE01D7 /* 179-notepad.png */ = {isa = PBXFileReference; lastKnownFileType = image.png; path = "179-notepad.png"; sourceTree = "<group>"; };
		3E232B9E1578A72300AE01D7 /* Console_MapVC.h */ = {isa = PBXFileReference; fileEncoding = 4; lastKnownFileType = sourcecode.c.h; path = Console_MapVC.h; sourceTree = "<group>"; };
		3E232B9F1578A72300AE01D7 /* Console_MapVC.m */ = {isa = PBXFileReference; fileEncoding = 4; lastKnownFileType = sourcecode.c.objc; path = Console_MapVC.m; sourceTree = "<group>"; };
		3E232BA61578A90E00AE01D7 /* CoreLocation.framework */ = {isa = PBXFileReference; lastKnownFileType = wrapper.framework; name = CoreLocation.framework; path = System/Library/Frameworks/CoreLocation.framework; sourceTree = SDKROOT; };
		3E232BB115795CCB00AE01D7 /* CygnusAnnotation.h */ = {isa = PBXFileReference; fileEncoding = 4; lastKnownFileType = sourcecode.c.h; path = CygnusAnnotation.h; sourceTree = "<group>"; };
		3E232BB215795CCB00AE01D7 /* CygnusAnnotation.m */ = {isa = PBXFileReference; fileEncoding = 4; lastKnownFileType = sourcecode.c.objc; path = CygnusAnnotation.m; sourceTree = "<group>"; };
		3E232BE2157961A200AE01D7 /* ClientSettings.h */ = {isa = PBXFileReference; fileEncoding = 4; lastKnownFileType = sourcecode.c.h; path = ClientSettings.h; sourceTree = "<group>"; };
		3E232BE3157961A200AE01D7 /* ClientSettings.m */ = {isa = PBXFileReference; fileEncoding = 4; lastKnownFileType = sourcecode.c.objc; path = ClientSettings.m; sourceTree = "<group>"; };
		3E232BE51579637600AE01D7 /* CygnusManager.h */ = {isa = PBXFileReference; fileEncoding = 4; lastKnownFileType = sourcecode.c.h; path = CygnusManager.h; sourceTree = "<group>"; };
		3E232BE61579637600AE01D7 /* CygnusManager.m */ = {isa = PBXFileReference; fileEncoding = 4; lastKnownFileType = sourcecode.c.objc; path = CygnusManager.m; sourceTree = "<group>"; };
		3E232BF815796E3000AE01D7 /* Simulation.plist */ = {isa = PBXFileReference; fileEncoding = 4; lastKnownFileType = text.plist.xml; path = Simulation.plist; sourceTree = "<group>"; };
		3E232BFA157974A100AE01D7 /* Cygnus.xcdatamodel */ = {isa = PBXFileReference; lastKnownFileType = wrapper.xcdatamodel; path = Cygnus.xcdatamodel; sourceTree = "<group>"; };
		3E55A48A1579A8000001DED9 /* Person.h */ = {isa = PBXFileReference; fileEncoding = 4; lastKnownFileType = sourcecode.c.h; path = Person.h; sourceTree = "<group>"; };
		3E55A48B1579A8000001DED9 /* Person.m */ = {isa = PBXFileReference; fileEncoding = 4; lastKnownFileType = sourcecode.c.objc; path = Person.m; sourceTree = "<group>"; };
		3E55A4931579A8800001DED9 /* GroupMap.h */ = {isa = PBXFileReference; fileEncoding = 4; lastKnownFileType = sourcecode.c.h; path = GroupMap.h; sourceTree = "<group>"; };
		3E55A4941579A8800001DED9 /* GroupMap.m */ = {isa = PBXFileReference; fileEncoding = 4; lastKnownFileType = sourcecode.c.objc; path = GroupMap.m; sourceTree = "<group>"; };
		3E55A49C1579A91C0001DED9 /* PrivateMap+Cygnus.h */ = {isa = PBXFileReference; fileEncoding = 4; lastKnownFileType = sourcecode.c.h; path = "PrivateMap+Cygnus.h"; sourceTree = "<group>"; };
		3E55A49D1579A91C0001DED9 /* PrivateMap+Cygnus.m */ = {isa = PBXFileReference; fileEncoding = 4; lastKnownFileType = sourcecode.c.objc; path = "PrivateMap+Cygnus.m"; sourceTree = "<group>"; };
		3E55A49F1579A9460001DED9 /* PrivateMap.h */ = {isa = PBXFileReference; fileEncoding = 4; lastKnownFileType = sourcecode.c.h; path = PrivateMap.h; sourceTree = "<group>"; };
		3E55A4A01579A9460001DED9 /* PrivateMap.m */ = {isa = PBXFileReference; fileEncoding = 4; lastKnownFileType = sourcecode.c.objc; path = PrivateMap.m; sourceTree = "<group>"; };
		3E55A4AE1579A9E50001DED9 /* SharedMap.h */ = {isa = PBXFileReference; fileEncoding = 4; lastKnownFileType = sourcecode.c.h; path = SharedMap.h; sourceTree = "<group>"; };
		3E55A4AF1579A9E50001DED9 /* SharedMap.m */ = {isa = PBXFileReference; fileEncoding = 4; lastKnownFileType = sourcecode.c.objc; path = SharedMap.m; sourceTree = "<group>"; };
		3E55A4B11579AA170001DED9 /* SharedMap+Cygnus.h */ = {isa = PBXFileReference; fileEncoding = 4; lastKnownFileType = sourcecode.c.h; path = "SharedMap+Cygnus.h"; sourceTree = "<group>"; };
		3E55A4B21579AA180001DED9 /* SharedMap+Cygnus.m */ = {isa = PBXFileReference; fileEncoding = 4; lastKnownFileType = sourcecode.c.objc; path = "SharedMap+Cygnus.m"; sourceTree = "<group>"; };
		3E55A4B41579B6C60001DED9 /* Group.h */ = {isa = PBXFileReference; fileEncoding = 4; lastKnownFileType = sourcecode.c.h; path = Group.h; sourceTree = "<group>"; };
		3E55A4B51579B6C60001DED9 /* Group.m */ = {isa = PBXFileReference; fileEncoding = 4; lastKnownFileType = sourcecode.c.objc; path = Group.m; sourceTree = "<group>"; };
		3E55A4BB1579CC680001DED9 /* Console_LoginVC.h */ = {isa = PBXFileReference; fileEncoding = 4; lastKnownFileType = sourcecode.c.h; path = Console_LoginVC.h; sourceTree = "<group>"; };
		3E55A4BC1579CC680001DED9 /* Console_LoginVC.m */ = {isa = PBXFileReference; fileEncoding = 4; lastKnownFileType = sourcecode.c.objc; path = Console_LoginVC.m; sourceTree = "<group>"; };
		3E55A4C21579D3280001DED9 /* cygnus_constellation.jpeg */ = {isa = PBXFileReference; lastKnownFileType = image.jpeg; path = cygnus_constellation.jpeg; sourceTree = "<group>"; };
		3E55A4CA1579E6090001DED9 /* Event+Cygnus.h */ = {isa = PBXFileReference; fileEncoding = 4; lastKnownFileType = sourcecode.c.h; path = "Event+Cygnus.h"; sourceTree = "<group>"; };
		3E55A4CB1579E6090001DED9 /* Event+Cygnus.m */ = {isa = PBXFileReference; fileEncoding = 4; lastKnownFileType = sourcecode.c.objc; path = "Event+Cygnus.m"; sourceTree = "<group>"; };
		3E55A4CD1579E86D0001DED9 /* Event.h */ = {isa = PBXFileReference; fileEncoding = 4; lastKnownFileType = sourcecode.c.h; path = Event.h; sourceTree = "<group>"; };
		3E55A4CE1579E86E0001DED9 /* Event.m */ = {isa = PBXFileReference; fileEncoding = 4; lastKnownFileType = sourcecode.c.objc; path = Event.m; sourceTree = "<group>"; };
		3E55A4D01579E86E0001DED9 /* MapPin.h */ = {isa = PBXFileReference; fileEncoding = 4; lastKnownFileType = sourcecode.c.h; path = MapPin.h; sourceTree = "<group>"; };
		3E55A4D11579E86E0001DED9 /* MapPin.m */ = {isa = PBXFileReference; fileEncoding = 4; lastKnownFileType = sourcecode.c.objc; path = MapPin.m; sourceTree = "<group>"; };
		3E55A4D71579EE1B0001DED9 /* CygnusMapPinAnnotationView.h */ = {isa = PBXFileReference; fileEncoding = 4; lastKnownFileType = sourcecode.c.h; path = CygnusMapPinAnnotationView.h; sourceTree = "<group>"; };
		3E55A4D81579EE1B0001DED9 /* CygnusMapPinAnnotationView.m */ = {isa = PBXFileReference; fileEncoding = 4; lastKnownFileType = sourcecode.c.objc; path = CygnusMapPinAnnotationView.m; sourceTree = "<group>"; };
		3E75FB0D157A08850095B2B4 /* Map.h */ = {isa = PBXFileReference; fileEncoding = 4; lastKnownFileType = sourcecode.c.h; path = Map.h; sourceTree = "<group>"; };
		3E75FB0E157A08850095B2B4 /* Map.m */ = {isa = PBXFileReference; fileEncoding = 4; lastKnownFileType = sourcecode.c.objc; path = Map.m; sourceTree = "<group>"; };
		3EC8C4DA1579850E006BB8CF /* Map+Cygnus.h */ = {isa = PBXFileReference; fileEncoding = 4; lastKnownFileType = sourcecode.c.h; path = "Map+Cygnus.h"; sourceTree = "<group>"; };
		3EC8C4DB1579850E006BB8CF /* Map+Cygnus.m */ = {isa = PBXFileReference; fileEncoding = 4; lastKnownFileType = sourcecode.c.objc; path = "Map+Cygnus.m"; sourceTree = "<group>"; };
		3EC8C4DD15798526006BB8CF /* GroupMap+Cygnus.h */ = {isa = PBXFileReference; fileEncoding = 4; lastKnownFileType = sourcecode.c.h; path = "GroupMap+Cygnus.h"; sourceTree = "<group>"; };
		3EC8C4DE15798526006BB8CF /* GroupMap+Cygnus.m */ = {isa = PBXFileReference; fileEncoding = 4; lastKnownFileType = sourcecode.c.objc; path = "GroupMap+Cygnus.m"; sourceTree = "<group>"; };
		3EC8C4E315798543006BB8CF /* Person+Cygnus.h */ = {isa = PBXFileReference; fileEncoding = 4; lastKnownFileType = sourcecode.c.h; path = "Person+Cygnus.h"; sourceTree = "<group>"; };
		3EC8C4E415798543006BB8CF /* Person+Cygnus.m */ = {isa = PBXFileReference; fileEncoding = 4; lastKnownFileType = sourcecode.c.objc; path = "Person+Cygnus.m"; sourceTree = "<group>"; };
		3EC8C4E615798550006BB8CF /* MapPin+Cygnus.h */ = {isa = PBXFileReference; fileEncoding = 4; lastKnownFileType = sourcecode.c.h; path = "MapPin+Cygnus.h"; sourceTree = "<group>"; };
		3EC8C4E715798550006BB8CF /* MapPin+Cygnus.m */ = {isa = PBXFileReference; fileEncoding = 4; lastKnownFileType = sourcecode.c.objc; path = "MapPin+Cygnus.m"; sourceTree = "<group>"; };
		3EC8C4E91579855B006BB8CF /* Group+Cygnus.h */ = {isa = PBXFileReference; fileEncoding = 4; lastKnownFileType = sourcecode.c.h; path = "Group+Cygnus.h"; sourceTree = "<group>"; };
		3EC8C4EA1579855B006BB8CF /* Group+Cygnus.m */ = {isa = PBXFileReference; fileEncoding = 4; lastKnownFileType = sourcecode.c.objc; path = "Group+Cygnus.m"; sourceTree = "<group>"; };
		3EDE374E15734A1F006F83D2 /* Cygnus.app */ = {isa = PBXFileReference; explicitFileType = wrapper.application; includeInIndex = 0; path = Cygnus.app; sourceTree = BUILT_PRODUCTS_DIR; };
		3EDE375215734A1F006F83D2 /* UIKit.framework */ = {isa = PBXFileReference; lastKnownFileType = wrapper.framework; name = UIKit.framework; path = System/Library/Frameworks/UIKit.framework; sourceTree = SDKROOT; };
		3EDE375415734A1F006F83D2 /* Foundation.framework */ = {isa = PBXFileReference; lastKnownFileType = wrapper.framework; name = Foundation.framework; path = System/Library/Frameworks/Foundation.framework; sourceTree = SDKROOT; };
		3EDE375615734A1F006F83D2 /* CoreGraphics.framework */ = {isa = PBXFileReference; lastKnownFileType = wrapper.framework; name = CoreGraphics.framework; path = System/Library/Frameworks/CoreGraphics.framework; sourceTree = SDKROOT; };
		3EDE375A15734A1F006F83D2 /* Cygnus-Info.plist */ = {isa = PBXFileReference; lastKnownFileType = text.plist.xml; path = "Cygnus-Info.plist"; sourceTree = "<group>"; };
		3EDE375C15734A1F006F83D2 /* en */ = {isa = PBXFileReference; lastKnownFileType = text.plist.strings; name = en; path = en.lproj/InfoPlist.strings; sourceTree = "<group>"; };
		3EDE375E15734A1F006F83D2 /* main.m */ = {isa = PBXFileReference; lastKnownFileType = sourcecode.c.objc; path = main.m; sourceTree = "<group>"; };
		3EDE376015734A1F006F83D2 /* Cygnus-Prefix.pch */ = {isa = PBXFileReference; lastKnownFileType = sourcecode.c.h; path = "Cygnus-Prefix.pch"; sourceTree = "<group>"; };
		3EDE376115734A1F006F83D2 /* CygnusAppDelegate.h */ = {isa = PBXFileReference; lastKnownFileType = sourcecode.c.h; path = CygnusAppDelegate.h; sourceTree = "<group>"; };
		3EDE376215734A1F006F83D2 /* CygnusAppDelegate.m */ = {isa = PBXFileReference; lastKnownFileType = sourcecode.c.objc; path = CygnusAppDelegate.m; sourceTree = "<group>"; };
		3EDE376515734A1F006F83D2 /* en */ = {isa = PBXFileReference; lastKnownFileType = file.storyboard; name = en; path = en.lproj/MainStoryboard.storyboard; sourceTree = "<group>"; };
		3EDE376F15734B46006F83D2 /* MapKit.framework */ = {isa = PBXFileReference; lastKnownFileType = wrapper.framework; name = MapKit.framework; path = System/Library/Frameworks/MapKit.framework; sourceTree = SDKROOT; };
		3EDE377115734B4E006F83D2 /* CoreData.framework */ = {isa = PBXFileReference; lastKnownFileType = wrapper.framework; name = CoreData.framework; path = System/Library/Frameworks/CoreData.framework; sourceTree = SDKROOT; };
/* End PBXFileReference section */

/* Begin PBXFrameworksBuildPhase section */
		3EDE374B15734A1F006F83D2 /* Frameworks */ = {
			isa = PBXFrameworksBuildPhase;
			buildActionMask = 2147483647;
			files = (
				3E232BA71578A90E00AE01D7 /* CoreLocation.framework in Frameworks */,
				3EDE377215734B4E006F83D2 /* CoreData.framework in Frameworks */,
				3EDE377015734B46006F83D2 /* MapKit.framework in Frameworks */,
				3EDE375315734A1F006F83D2 /* UIKit.framework in Frameworks */,
				3EDE375515734A1F006F83D2 /* Foundation.framework in Frameworks */,
				3EDE375715734A1F006F83D2 /* CoreGraphics.framework in Frameworks */,
			);
			runOnlyForDeploymentPostprocessing = 0;
		};
/* End PBXFrameworksBuildPhase section */

/* Begin PBXGroup section */
		3E232B9B1578A41400AE01D7 /* Icons */ = {
			isa = PBXGroup;
			children = (
				3E232B9C1578A4C100AE01D7 /* 179-notepad.png */,
				3E232B991578A40800AE01D7 /* 06-magnify.png */,
				3E232B971578A3C700AE01D7 /* 193-location-arrow.png */,
				3E232B951578A3C100AE01D7 /* 196-radiation.png */,
				3E232B931578A36600AE01D7 /* 106-sliders.png */,
				3E232B911578A35900AE01D7 /* 103-map.png */,
				3E232B8D1578A32F00AE01D7 /* 73-radar.png */,
				3E232B8F1578A33E00AE01D7 /* 74-location.png */,
			);
			name = Icons;
			sourceTree = "<group>";
		};
		3E232BA41578A7A700AE01D7 /* Data Model */ = {
			isa = PBXGroup;
			children = (
				3E232BFA157974A100AE01D7 /* Cygnus.xcdatamodel */,
				3EC8C4DA1579850E006BB8CF /* Map+Cygnus.h */,
				3EC8C4DB1579850E006BB8CF /* Map+Cygnus.m */,
				3E55A49C1579A91C0001DED9 /* PrivateMap+Cygnus.h */,
				3E55A49D1579A91C0001DED9 /* PrivateMap+Cygnus.m */,
				3EC8C4DD15798526006BB8CF /* GroupMap+Cygnus.h */,
				3EC8C4DE15798526006BB8CF /* GroupMap+Cygnus.m */,
				3E55A4B11579AA170001DED9 /* SharedMap+Cygnus.h */,
				3E55A4B21579AA180001DED9 /* SharedMap+Cygnus.m */,
				3EC8C4E91579855B006BB8CF /* Group+Cygnus.h */,
				3EC8C4EA1579855B006BB8CF /* Group+Cygnus.m */,
				3EC8C4E315798543006BB8CF /* Person+Cygnus.h */,
				3EC8C4E415798543006BB8CF /* Person+Cygnus.m */,
				3EC8C4E615798550006BB8CF /* MapPin+Cygnus.h */,
				3EC8C4E715798550006BB8CF /* MapPin+Cygnus.m */,
				3E55A4CA1579E6090001DED9 /* Event+Cygnus.h */,
				3E55A4CB1579E6090001DED9 /* Event+Cygnus.m */,
				3E232BE115795E0100AE01D7 /* NSManaged Objects */,
			);
			name = "Data Model";
			sourceTree = "<group>";
		};
		3E232BA51578A7C300AE01D7 /* Console */ = {
			isa = PBXGroup;
			children = (
				3E55A4BB1579CC680001DED9 /* Console_LoginVC.h */,
				3E55A4BC1579CC680001DED9 /* Console_LoginVC.m */,
				3E232B9E1578A72300AE01D7 /* Console_MapVC.h */,
				3E232B9F1578A72300AE01D7 /* Console_MapVC.m */,
				3E232BB115795CCB00AE01D7 /* CygnusAnnotation.h */,
				3E232BB215795CCB00AE01D7 /* CygnusAnnotation.m */,
				3E55A4D71579EE1B0001DED9 /* CygnusMapPinAnnotationView.h */,
				3E55A4D81579EE1B0001DED9 /* CygnusMapPinAnnotationView.m */,
			);
			name = Console;
			sourceTree = "<group>";
		};
		3E232BE115795E0100AE01D7 /* NSManaged Objects */ = {
			isa = PBXGroup;
			children = (
				3E75FB0D157A08850095B2B4 /* Map.h */,
				3E75FB0E157A08850095B2B4 /* Map.m */,
				3E55A4D01579E86E0001DED9 /* MapPin.h */,
				3E55A4D11579E86E0001DED9 /* MapPin.m */,
				3E55A4CD1579E86D0001DED9 /* Event.h */,
				3E55A4CE1579E86E0001DED9 /* Event.m */,
				3E55A4B41579B6C60001DED9 /* Group.h */,
				3E55A4B51579B6C60001DED9 /* Group.m */,
				3E55A4AE1579A9E50001DED9 /* SharedMap.h */,
				3E55A4AF1579A9E50001DED9 /* SharedMap.m */,
				3E55A49F1579A9460001DED9 /* PrivateMap.h */,
				3E55A4A01579A9460001DED9 /* PrivateMap.m */,
				3E55A4931579A8800001DED9 /* GroupMap.h */,
				3E55A4941579A8800001DED9 /* GroupMap.m */,
				3E55A48A1579A8000001DED9 /* Person.h */,
				3E55A48B1579A8000001DED9 /* Person.m */,
			);
			name = "NSManaged Objects";
			sourceTree = "<group>";
		};
		3EDE374315734A1E006F83D2 = {
			isa = PBXGroup;
			children = (
				3E232BA61578A90E00AE01D7 /* CoreLocation.framework */,
				3EDE377115734B4E006F83D2 /* CoreData.framework */,
				3EDE376F15734B46006F83D2 /* MapKit.framework */,
				3EDE375815734A1F006F83D2 /* Cygnus */,
				3EDE375115734A1F006F83D2 /* Frameworks */,
				3EDE374F15734A1F006F83D2 /* Products */,
			);
			sourceTree = "<group>";
		};
		3EDE374F15734A1F006F83D2 /* Products */ = {
			isa = PBXGroup;
			children = (
				3EDE374E15734A1F006F83D2 /* Cygnus.app */,
			);
			name = Products;
			sourceTree = "<group>";
		};
		3EDE375115734A1F006F83D2 /* Frameworks */ = {
			isa = PBXGroup;
			children = (
				3EDE375215734A1F006F83D2 /* UIKit.framework */,
				3EDE375415734A1F006F83D2 /* Foundation.framework */,
				3EDE375615734A1F006F83D2 /* CoreGraphics.framework */,
			);
			name = Frameworks;
			sourceTree = "<group>";
		};
		3EDE375815734A1F006F83D2 /* Cygnus */ = {
			isa = PBXGroup;
			children = (
				3EDE376415734A1F006F83D2 /* MainStoryboard.storyboard */,
				3E232BE2157961A200AE01D7 /* ClientSettings.h */,
				3E232BE3157961A200AE01D7 /* ClientSettings.m */,
				3E232BE51579637600AE01D7 /* CygnusManager.h */,
				3E232BE61579637600AE01D7 /* CygnusManager.m */,
				3E232BA51578A7C300AE01D7 /* Console */,
				3E232BA41578A7A700AE01D7 /* Data Model */,
				3EDE375915734A1F006F83D2 /* Supporting Files */,
			);
			path = Cygnus;
			sourceTree = "<group>";
		};
		3EDE375915734A1F006F83D2 /* Supporting Files */ = {
			isa = PBXGroup;
			children = (
				3E232BF815796E3000AE01D7 /* Simulation.plist */,
				3EDE376115734A1F006F83D2 /* CygnusAppDelegate.h */,
				3EDE376215734A1F006F83D2 /* CygnusAppDelegate.m */,
				3EDE375A15734A1F006F83D2 /* Cygnus-Info.plist */,
				3EDE375B15734A1F006F83D2 /* InfoPlist.strings */,
				3EDE375E15734A1F006F83D2 /* main.m */,
				3EDE376015734A1F006F83D2 /* Cygnus-Prefix.pch */,
				3E55A4C21579D3280001DED9 /* cygnus_constellation.jpeg */,
				3E232B9B1578A41400AE01D7 /* Icons */,
			);
			name = "Supporting Files";
			sourceTree = "<group>";
		};
/* End PBXGroup section */

/* Begin PBXNativeTarget section */
		3EDE374D15734A1F006F83D2 /* Cygnus */ = {
			isa = PBXNativeTarget;
			buildConfigurationList = 3EDE376C15734A1F006F83D2 /* Build configuration list for PBXNativeTarget "Cygnus" */;
			buildPhases = (
				3EDE374A15734A1F006F83D2 /* Sources */,
				3EDE374B15734A1F006F83D2 /* Frameworks */,
				3EDE374C15734A1F006F83D2 /* Resources */,
			);
			buildRules = (
			);
			dependencies = (
			);
			name = Cygnus;
			productName = Cygnus;
			productReference = 3EDE374E15734A1F006F83D2 /* Cygnus.app */;
			productType = "com.apple.product-type.application";
		};
/* End PBXNativeTarget section */

/* Begin PBXProject section */
		3EDE374515734A1E006F83D2 /* Project object */ = {
			isa = PBXProject;
			attributes = {
				CLASSPREFIX = Cygnus;
				LastUpgradeCheck = 0430;
			};
			buildConfigurationList = 3EDE374815734A1E006F83D2 /* Build configuration list for PBXProject "Cygnus" */;
			compatibilityVersion = "Xcode 3.2";
			developmentRegion = English;
			hasScannedForEncodings = 0;
			knownRegions = (
				en,
			);
			mainGroup = 3EDE374315734A1E006F83D2;
			productRefGroup = 3EDE374F15734A1F006F83D2 /* Products */;
			projectDirPath = "";
			projectRoot = "";
			targets = (
				3EDE374D15734A1F006F83D2 /* Cygnus */,
			);
		};
/* End PBXProject section */

/* Begin PBXResourcesBuildPhase section */
		3EDE374C15734A1F006F83D2 /* Resources */ = {
			isa = PBXResourcesBuildPhase;
			buildActionMask = 2147483647;
			files = (
				3EDE375D15734A1F006F83D2 /* InfoPlist.strings in Resources */,
				3EDE376615734A1F006F83D2 /* MainStoryboard.storyboard in Resources */,
				3E232B8E1578A32F00AE01D7 /* 73-radar.png in Resources */,
				3E232B901578A33E00AE01D7 /* 74-location.png in Resources */,
				3E232B921578A35900AE01D7 /* 103-map.png in Resources */,
				3E232B941578A36600AE01D7 /* 106-sliders.png in Resources */,
				3E232B961578A3C100AE01D7 /* 196-radiation.png in Resources */,
				3E232B981578A3C700AE01D7 /* 193-location-arrow.png in Resources */,
				3E232B9A1578A40800AE01D7 /* 06-magnify.png in Resources */,
				3E232B9D1578A4C100AE01D7 /* 179-notepad.png in Resources */,
				3E232BF915796E3000AE01D7 /* Simulation.plist in Resources */,
				3E55A4C31579D3280001DED9 /* cygnus_constellation.jpeg in Resources */,
			);
			runOnlyForDeploymentPostprocessing = 0;
		};
/* End PBXResourcesBuildPhase section */

/* Begin PBXSourcesBuildPhase section */
		3EDE374A15734A1F006F83D2 /* Sources */ = {
			isa = PBXSourcesBuildPhase;
			buildActionMask = 2147483647;
			files = (
				3EDE375F15734A1F006F83D2 /* main.m in Sources */,
				3EDE376315734A1F006F83D2 /* CygnusAppDelegate.m in Sources */,
				3E232BA01578A72300AE01D7 /* Console_MapVC.m in Sources */,
				3E232BB315795CCB00AE01D7 /* CygnusAnnotation.m in Sources */,
				3E232BE4157961A200AE01D7 /* ClientSettings.m in Sources */,
				3E232BE71579637600AE01D7 /* CygnusManager.m in Sources */,
				3E232BFB157974A100AE01D7 /* Cygnus.xcdatamodel in Sources */,
				3EC8C4DC1579850E006BB8CF /* Map+Cygnus.m in Sources */,
				3EC8C4DF15798526006BB8CF /* GroupMap+Cygnus.m in Sources */,
				3EC8C4E515798543006BB8CF /* Person+Cygnus.m in Sources */,
				3EC8C4E815798550006BB8CF /* MapPin+Cygnus.m in Sources */,
				3EC8C4EB1579855B006BB8CF /* Group+Cygnus.m in Sources */,
				3E55A48C1579A8000001DED9 /* Person.m in Sources */,
				3E55A4951579A8800001DED9 /* GroupMap.m in Sources */,
				3E55A49E1579A91C0001DED9 /* PrivateMap+Cygnus.m in Sources */,
				3E55A4A11579A9460001DED9 /* PrivateMap.m in Sources */,
				3E55A4B01579A9E50001DED9 /* SharedMap.m in Sources */,
				3E55A4B31579AA180001DED9 /* SharedMap+Cygnus.m in Sources */,
				3E55A4B61579B6C70001DED9 /* Group.m in Sources */,
				3E55A4BD1579CC680001DED9 /* Console_LoginVC.m in Sources */,
				3E55A4CC1579E60A0001DED9 /* Event+Cygnus.m in Sources */,
				3E55A4CF1579E86E0001DED9 /* Event.m in Sources */,
				3E55A4D21579E86F0001DED9 /* MapPin.m in Sources */,
				3E55A4D91579EE1C0001DED9 /* CygnusMapPinAnnotationView.m in Sources */,
				3E75FB0F157A08850095B2B4 /* Map.m in Sources */,
			);
			runOnlyForDeploymentPostprocessing = 0;
		};
/* End PBXSourcesBuildPhase section */

/* Begin PBXVariantGroup section */
		3EDE375B15734A1F006F83D2 /* InfoPlist.strings */ = {
			isa = PBXVariantGroup;
			children = (
				3EDE375C15734A1F006F83D2 /* en */,
			);
			name = InfoPlist.strings;
			sourceTree = "<group>";
		};
		3EDE376415734A1F006F83D2 /* MainStoryboard.storyboard */ = {
			isa = PBXVariantGroup;
			children = (
				3EDE376515734A1F006F83D2 /* en */,
			);
			name = MainStoryboard.storyboard;
			sourceTree = "<group>";
		};
/* End PBXVariantGroup section */

/* Begin XCBuildConfiguration section */
		3EDE376A15734A1F006F83D2 /* Debug */ = {
			isa = XCBuildConfiguration;
			buildSettings = {
				ALWAYS_SEARCH_USER_PATHS = NO;
				ARCHS = "$(ARCHS_STANDARD_32_BIT)";
				CLANG_ENABLE_OBJC_ARC = YES;
				"CODE_SIGN_IDENTITY[sdk=iphoneos*]" = "iPhone Developer";
				COPY_PHASE_STRIP = NO;
				GCC_C_LANGUAGE_STANDARD = gnu99;
				GCC_DYNAMIC_NO_PIC = NO;
				GCC_OPTIMIZATION_LEVEL = 0;
				GCC_PREPROCESSOR_DEFINITIONS = (
					"DEBUG=1",
					"$(inherited)",
				);
				GCC_SYMBOLS_PRIVATE_EXTERN = NO;
				GCC_VERSION = com.apple.compilers.llvm.clang.1_0;
				GCC_WARN_ABOUT_RETURN_TYPE = YES;
				GCC_WARN_UNINITIALIZED_AUTOS = YES;
				GCC_WARN_UNUSED_VARIABLE = YES;
				IPHONEOS_DEPLOYMENT_TARGET = 5.1;
				SDKROOT = iphoneos;
			};
			name = Debug;
		};
		3EDE376B15734A1F006F83D2 /* Release */ = {
			isa = XCBuildConfiguration;
			buildSettings = {
				ALWAYS_SEARCH_USER_PATHS = NO;
				ARCHS = "$(ARCHS_STANDARD_32_BIT)";
				CLANG_ENABLE_OBJC_ARC = YES;
				"CODE_SIGN_IDENTITY[sdk=iphoneos*]" = "iPhone Developer";
				COPY_PHASE_STRIP = YES;
				GCC_C_LANGUAGE_STANDARD = gnu99;
				GCC_VERSION = com.apple.compilers.llvm.clang.1_0;
				GCC_WARN_ABOUT_RETURN_TYPE = YES;
				GCC_WARN_UNINITIALIZED_AUTOS = YES;
				GCC_WARN_UNUSED_VARIABLE = YES;
				IPHONEOS_DEPLOYMENT_TARGET = 5.1;
				OTHER_CFLAGS = "-DNS_BLOCK_ASSERTIONS=1";
				SDKROOT = iphoneos;
				VALIDATE_PRODUCT = YES;
			};
			name = Release;
		};
		3EDE376D15734A1F006F83D2 /* Debug */ = {
			isa = XCBuildConfiguration;
			buildSettings = {
				GCC_PRECOMPILE_PREFIX_HEADER = YES;
				GCC_PREFIX_HEADER = "Cygnus/Cygnus-Prefix.pch";
				INFOPLIST_FILE = "Cygnus/Cygnus-Info.plist";
				PRODUCT_NAME = "$(TARGET_NAME)";
				WRAPPER_EXTENSION = app;
			};
			name = Debug;
		};
		3EDE376E15734A1F006F83D2 /* Release */ = {
			isa = XCBuildConfiguration;
			buildSettings = {
				GCC_PRECOMPILE_PREFIX_HEADER = YES;
				GCC_PREFIX_HEADER = "Cygnus/Cygnus-Prefix.pch";
				INFOPLIST_FILE = "Cygnus/Cygnus-Info.plist";
				PRODUCT_NAME = "$(TARGET_NAME)";
				WRAPPER_EXTENSION = app;
			};
			name = Release;
		};
/* End XCBuildConfiguration section */

/* Begin XCConfigurationList section */
		3EDE374815734A1E006F83D2 /* Build configuration list for PBXProject "Cygnus" */ = {
			isa = XCConfigurationList;
			buildConfigurations = (
				3EDE376A15734A1F006F83D2 /* Debug */,
				3EDE376B15734A1F006F83D2 /* Release */,
			);
			defaultConfigurationIsVisible = 0;
			defaultConfigurationName = Release;
		};
		3EDE376C15734A1F006F83D2 /* Build configuration list for PBXNativeTarget "Cygnus" */ = {
			isa = XCConfigurationList;
			buildConfigurations = (
				3EDE376D15734A1F006F83D2 /* Debug */,
				3EDE376E15734A1F006F83D2 /* Release */,
			);
			defaultConfigurationIsVisible = 0;
			defaultConfigurationName = Release;
		};
/* End XCConfigurationList section */
	};
	rootObject = 3EDE374515734A1E006F83D2 /* Project object */;
}
